// !$*UTF8*$!
{
	archiveVersion = 1;
	classes = {
	};
	objectVersion = 46;
	objects = {

/* Begin PBXBuildFile section */
		E95901161D69E75200A72980 /* AppDelegate.swift in Sources */ = {isa = PBXBuildFile; fileRef = E95901151D69E75200A72980 /* AppDelegate.swift */; };
		E959011B1D69E75200A72980 /* Main.storyboard in Resources */ = {isa = PBXBuildFile; fileRef = E95901191D69E75200A72980 /* Main.storyboard */; };
		E959011D1D69E75200A72980 /* Assets.xcassets in Resources */ = {isa = PBXBuildFile; fileRef = E959011C1D69E75200A72980 /* Assets.xcassets */; };
		E95901201D69E75200A72980 /* LaunchScreen.storyboard in Resources */ = {isa = PBXBuildFile; fileRef = E959011E1D69E75200A72980 /* LaunchScreen.storyboard */; };
		E95901291D69E8A900A72980 /* Generator.storyboard in Resources */ = {isa = PBXBuildFile; fileRef = E95901271D69E8A900A72980 /* Generator.storyboard */; };
		E959012B1D69E8C200A72980 /* Detector.storyboard in Resources */ = {isa = PBXBuildFile; fileRef = E959012A1D69E8C200A72980 /* Detector.storyboard */; };
		E959012E1D69E8D800A72980 /* Scan.storyboard in Resources */ = {isa = PBXBuildFile; fileRef = E959012C1D69E8D800A72980 /* Scan.storyboard */; };
		E959013A1D69E9ED00A72980 /* ViewController.swift in Sources */ = {isa = PBXBuildFile; fileRef = E95901381D69E9ED00A72980 /* ViewController.swift */; };
		E959013C1D69EA3A00A72980 /* GeneratorViewController.swift in Sources */ = {isa = PBXBuildFile; fileRef = E959013B1D69EA3A00A72980 /* GeneratorViewController.swift */; };
		E959013E1D69EA7C00A72980 /* DetectorViewController.swift in Sources */ = {isa = PBXBuildFile; fileRef = E959013D1D69EA7C00A72980 /* DetectorViewController.swift */; };
		E95901401D69EA8600A72980 /* ScanViewController.swift in Sources */ = {isa = PBXBuildFile; fileRef = E959013F1D69EA8600A72980 /* ScanViewController.swift */; };
/* End PBXBuildFile section */

/* Begin PBXFileReference section */
		E95901121D69E75200A72980 /* 二维码.app */ = {isa = PBXFileReference; explicitFileType = wrapper.application; includeInIndex = 0; path = "二维码.app"; sourceTree = BUILT_PRODUCTS_DIR; };
		E95901151D69E75200A72980 /* AppDelegate.swift */ = {isa = PBXFileReference; lastKnownFileType = sourcecode.swift; path = AppDelegate.swift; sourceTree = "<group>"; };
		E959011A1D69E75200A72980 /* Base */ = {isa = PBXFileReference; lastKnownFileType = file.storyboard; name = Base; path = Base.lproj/Main.storyboard; sourceTree = "<group>"; };
		E959011C1D69E75200A72980 /* Assets.xcassets */ = {isa = PBXFileReference; lastKnownFileType = folder.assetcatalog; path = Assets.xcassets; sourceTree = "<group>"; };
		E959011F1D69E75200A72980 /* Base */ = {isa = PBXFileReference; lastKnownFileType = file.storyboard; name = Base; path = Base.lproj/LaunchScreen.storyboard; sourceTree = "<group>"; };
		E95901211D69E75200A72980 /* Info.plist */ = {isa = PBXFileReference; lastKnownFileType = text.plist.xml; path = Info.plist; sourceTree = "<group>"; };
		E95901281D69E8A900A72980 /* Base */ = {isa = PBXFileReference; lastKnownFileType = file.storyboard; name = Base; path = Base.lproj/Generator.storyboard; sourceTree = "<group>"; };
		E959012A1D69E8C200A72980 /* Detector.storyboard */ = {isa = PBXFileReference; fileEncoding = 4; lastKnownFileType = file.storyboard; name = Detector.storyboard; path = ../../Detector.storyboard; sourceTree = "<group>"; };
		E959012D1D69E8D800A72980 /* Base */ = {isa = PBXFileReference; lastKnownFileType = file.storyboard; name = Base; path = Base.lproj/Scan.storyboard; sourceTree = "<group>"; };
		E95901381D69E9ED00A72980 /* ViewController.swift */ = {isa = PBXFileReference; fileEncoding = 4; lastKnownFileType = sourcecode.swift; path = ViewController.swift; sourceTree = "<group>"; };
		E959013B1D69EA3A00A72980 /* GeneratorViewController.swift */ = {isa = PBXFileReference; fileEncoding = 4; lastKnownFileType = sourcecode.swift; path = GeneratorViewController.swift; sourceTree = "<group>"; };
		E959013D1D69EA7C00A72980 /* DetectorViewController.swift */ = {isa = PBXFileReference; fileEncoding = 4; lastKnownFileType = sourcecode.swift; path = DetectorViewController.swift; sourceTree = "<group>"; };
		E959013F1D69EA8600A72980 /* ScanViewController.swift */ = {isa = PBXFileReference; fileEncoding = 4; lastKnownFileType = sourcecode.swift; path = ScanViewController.swift; sourceTree = "<group>"; };
/* End PBXFileReference section */

/* Begin PBXFrameworksBuildPhase section */
		E959010F1D69E75200A72980 /* Frameworks */ = {
			isa = PBXFrameworksBuildPhase;
			buildActionMask = 2147483647;
			files = (
			);
			runOnlyForDeploymentPostprocessing = 0;
		};
/* End PBXFrameworksBuildPhase section */

/* Begin PBXGroup section */
		E95901091D69E75200A72980 = {
			isa = PBXGroup;
			children = (
				E95901141D69E75200A72980 /* 二维码 */,
				E95901131D69E75200A72980 /* Products */,
			);
			sourceTree = "<group>";
		};
		E95901131D69E75200A72980 /* Products */ = {
			isa = PBXGroup;
			children = (
				E95901121D69E75200A72980 /* 二维码.app */,
			);
			name = Products;
			sourceTree = "<group>";
		};
		E95901141D69E75200A72980 /* 二维码 */ = {
			isa = PBXGroup;
			children = (
				E95901341D69E9ED00A72980 /* Classes */,
				E95901151D69E75200A72980 /* AppDelegate.swift */,
				E959011C1D69E75200A72980 /* Assets.xcassets */,
				E959011E1D69E75200A72980 /* LaunchScreen.storyboard */,
				E95901211D69E75200A72980 /* Info.plist */,
			);
			path = "二维码";
			sourceTree = "<group>";
		};
		E95901341D69E9ED00A72980 /* Classes */ = {
			isa = PBXGroup;
			children = (
				E95901361D69E9ED00A72980 /* Generator */,
				E95901351D69E9ED00A72980 /* Detector */,
				E95901391D69E9ED00A72980 /* Scanning */,
				E95901371D69E9ED00A72980 /* Main */,
			);
			path = Classes;
			sourceTree = "<group>";
		};
		E95901351D69E9ED00A72980 /* Detector */ = {
			isa = PBXGroup;
			children = (
				E959012A1D69E8C200A72980 /* Detector.storyboard */,
				E959013D1D69EA7C00A72980 /* DetectorViewController.swift */,
			);
			path = Detector;
			sourceTree = "<group>";
		};
		E95901361D69E9ED00A72980 /* Generator */ = {
			isa = PBXGroup;
			children = (
				E95901271D69E8A900A72980 /* Generator.storyboard */,
				E959013B1D69EA3A00A72980 /* GeneratorViewController.swift */,
			);
			path = Generator;
			sourceTree = "<group>";
		};
		E95901371D69E9ED00A72980 /* Main */ = {
			isa = PBXGroup;
			children = (
				E95901381D69E9ED00A72980 /* ViewController.swift */,
				E95901191D69E75200A72980 /* Main.storyboard */,
			);
			path = Main;
			sourceTree = "<group>";
		};
		E95901391D69E9ED00A72980 /* Scanning */ = {
			isa = PBXGroup;
			children = (
				E959012C1D69E8D800A72980 /* Scan.storyboard */,
				E959013F1D69EA8600A72980 /* ScanViewController.swift */,
			);
			path = Scanning;
			sourceTree = "<group>";
		};
/* End PBXGroup section */

/* Begin PBXNativeTarget section */
		E95901111D69E75200A72980 /* 二维码 */ = {
			isa = PBXNativeTarget;
			buildConfigurationList = E95901241D69E75200A72980 /* Build configuration list for PBXNativeTarget "二维码" */;
			buildPhases = (
				E959010E1D69E75200A72980 /* Sources */,
				E959010F1D69E75200A72980 /* Frameworks */,
				E95901101D69E75200A72980 /* Resources */,
			);
			buildRules = (
			);
			dependencies = (
			);
			name = "二维码";
			productName = "二维码";
			productReference = E95901121D69E75200A72980 /* 二维码.app */;
			productType = "com.apple.product-type.application";
		};
/* End PBXNativeTarget section */

/* Begin PBXProject section */
		E959010A1D69E75200A72980 /* Project object */ = {
			isa = PBXProject;
			attributes = {
				LastSwiftUpdateCheck = 0730;
				LastUpgradeCheck = 0730;
				ORGANIZATIONNAME = "李贵鹏";
				TargetAttributes = {
					E95901111D69E75200A72980 = {
						CreatedOnToolsVersion = 7.3.1;
					};
				};
			};
			buildConfigurationList = E959010D1D69E75200A72980 /* Build configuration list for PBXProject "二维码" */;
			compatibilityVersion = "Xcode 3.2";
			developmentRegion = English;
			hasScannedForEncodings = 0;
			knownRegions = (
				en,
				Base,
			);
			mainGroup = E95901091D69E75200A72980;
			productRefGroup = E95901131D69E75200A72980 /* Products */;
			projectDirPath = "";
			projectRoot = "";
			targets = (
				E95901111D69E75200A72980 /* 二维码 */,
			);
		};
/* End PBXProject section */

/* Begin PBXResourcesBuildPhase section */
		E95901101D69E75200A72980 /* Resources */ = {
			isa = PBXResourcesBuildPhase;
			buildActionMask = 2147483647;
			files = (
				E95901201D69E75200A72980 /* LaunchScreen.storyboard in Resources */,
				E959011D1D69E75200A72980 /* Assets.xcassets in Resources */,
				E959012B1D69E8C200A72980 /* Detector.storyboard in Resources */,
				E95901291D69E8A900A72980 /* Generator.storyboard in Resources */,
				E959011B1D69E75200A72980 /* Main.storyboard in Resources */,
				E959012E1D69E8D800A72980 /* Scan.storyboard in Resources */,
			);
			runOnlyForDeploymentPostprocessing = 0;
		};
/* End PBXResourcesBuildPhase section */

/* Begin PBXSourcesBuildPhase section */
		E959010E1D69E75200A72980 /* Sources */ = {
			isa = PBXSourcesBuildPhase;
			buildActionMask = 2147483647;
			files = (
				E959013E1D69EA7C00A72980 /* DetectorViewController.swift in Sources */,
				E959013A1D69E9ED00A72980 /* ViewController.swift in Sources */,
				E95901401D69EA8600A72980 /* ScanViewController.swift in Sources */,
				E959013C1D69EA3A00A72980 /* GeneratorViewController.swift in Sources */,
				E95901161D69E75200A72980 /* AppDelegate.swift in Sources */,
			);
			runOnlyForDeploymentPostprocessing = 0;
		};
/* End PBXSourcesBuildPhase section */

/* Begin PBXVariantGroup section */
		E95901191D69E75200A72980 /* Main.storyboard */ = {
			isa = PBXVariantGroup;
			children = (
				E959011A1D69E75200A72980 /* Base */,
			);
			name = Main.storyboard;
			path = ../..;
			sourceTree = "<group>";
		};
		E959011E1D69E75200A72980 /* LaunchScreen.storyboard */ = {
			isa = PBXVariantGroup;
			children = (
				E959011F1D69E75200A72980 /* Base */,
			);
			name = LaunchScreen.storyboard;
			sourceTree = "<group>";
		};
		E95901271D69E8A900A72980 /* Generator.storyboard */ = {
			isa = PBXVariantGroup;
			children = (
				E95901281D69E8A900A72980 /* Base */,
			);
			name = Generator.storyboard;
			path = ../..;
			sourceTree = "<group>";
		};
		E959012C1D69E8D800A72980 /* Scan.storyboard */ = {
			isa = PBXVariantGroup;
			children = (
				E959012D1D69E8D800A72980 /* Base */,
			);
			name = Scan.storyboard;
			path = ../..;
			sourceTree = "<group>";
		};
/* End PBXVariantGroup section */

/* Begin XCBuildConfiguration section */
		E95901221D69E75200A72980 /* Debug */ = {
			isa = XCBuildConfiguration;
			buildSettings = {
				ALWAYS_SEARCH_USER_PATHS = NO;
				CLANG_ANALYZER_NONNULL = YES;
				CLANG_CXX_LANGUAGE_STANDARD = "gnu++0x";
				CLANG_CXX_LIBRARY = "libc++";
				CLANG_ENABLE_MODULES = YES;
				CLANG_ENABLE_OBJC_ARC = YES;
				CLANG_WARN_BOOL_CONVERSION = YES;
				CLANG_WARN_CONSTANT_CONVERSION = YES;
				CLANG_WARN_DIRECT_OBJC_ISA_USAGE = YES_ERROR;
				CLANG_WARN_EMPTY_BODY = YES;
				CLANG_WARN_ENUM_CONVERSION = YES;
				CLANG_WARN_INT_CONVERSION = YES;
				CLANG_WARN_OBJC_ROOT_CLASS = YES_ERROR;
				CLANG_WARN_UNREACHABLE_CODE = YES;
				CLANG_WARN__DUPLICATE_METHOD_MATCH = YES;
				"CODE_SIGN_IDENTITY[sdk=iphoneos*]" = "iPhone Developer";
				COPY_PHASE_STRIP = NO;
				DEBUG_INFORMATION_FORMAT = dwarf;
				ENABLE_STRICT_OBJC_MSGSEND = YES;
				ENABLE_TESTABILITY = YES;
				GCC_C_LANGUAGE_STANDARD = gnu99;
				GCC_DYNAMIC_NO_PIC = NO;
				GCC_NO_COMMON_BLOCKS = YES;
				GCC_OPTIMIZATION_LEVEL = 0;
				GCC_PREPROCESSOR_DEFINITIONS = (
					"DEBUG=1",
					"$(inherited)",
				);
				GCC_WARN_64_TO_32_BIT_CONVERSION = YES;
				GCC_WARN_ABOUT_RETURN_TYPE = YES_ERROR;
				GCC_WARN_UNDECLARED_SELECTOR = YES;
				GCC_WARN_UNINITIALIZED_AUTOS = YES_AGGRESSIVE;
				GCC_WARN_UNUSED_FUNCTION = YES;
				GCC_WARN_UNUSED_VARIABLE = YES;
				IPHONEOS_DEPLOYMENT_TARGET = 9.3;
				MTL_ENABLE_DEBUG_INFO = YES;
				ONLY_ACTIVE_ARCH = YES;
				SDKROOT = iphoneos;
				SWIFT_OPTIMIZATION_LEVEL = "-Onone";
				TARGETED_DEVICE_FAMILY = "1,2";
			};
			name = Debug;
		};
		E95901231D69E75200A72980 /* Release */ = {
			isa = XCBuildConfiguration;
			buildSettings = {
				ALWAYS_SEARCH_USER_PATHS = NO;
				CLANG_ANALYZER_NONNULL = YES;
				CLANG_CXX_LANGUAGE_STANDARD = "gnu++0x";
				CLANG_CXX_LIBRARY = "libc++";
				CLANG_ENABLE_MODULES = YES;
				CLANG_ENABLE_OBJC_ARC = YES;
				CLANG_WARN_BOOL_CONVERSION = YES;
				CLANG_WARN_CONSTANT_CONVERSION = YES;
				CLANG_WARN_DIRECT_OBJC_ISA_USAGE = YES_ERROR;
				CLANG_WARN_EMPTY_BODY = YES;
				CLANG_WARN_ENUM_CONVERSION = YES;
				CLANG_WARN_INT_CONVERSION = YES;
				CLANG_WARN_OBJC_ROOT_CLASS = YES_ERROR;
				CLANG_WARN_UNREACHABLE_CODE = YES;
				CLANG_WARN__DUPLICATE_METHOD_MATCH = YES;
				"CODE_SIGN_IDENTITY[sdk=iphoneos*]" = "iPhone Developer";
				COPY_PHASE_STRIP = NO;
				DEBUG_INFORMATION_FORMAT = "dwarf-with-dsym";
				ENABLE_NS_ASSERTIONS = NO;
				ENABLE_STRICT_OBJC_MSGSEND = YES;
				GCC_C_LANGUAGE_STANDARD = gnu99;
				GCC_NO_COMMON_BLOCKS = YES;
				GCC_WARN_64_TO_32_BIT_CONVERSION = YES;
				GCC_WARN_ABOUT_RETURN_TYPE = YES_ERROR;
				GCC_WARN_UNDECLARED_SELECTOR = YES;
				GCC_WARN_UNINITIALIZED_AUTOS = YES_AGGRESSIVE;
				GCC_WARN_UNUSED_FUNCTION = YES;
				GCC_WARN_UNUSED_VARIABLE = YES;
				IPHONEOS_DEPLOYMENT_TARGET = 9.3;
				MTL_ENABLE_DEBUG_INFO = NO;
				SDKROOT = iphoneos;
				TARGETED_DEVICE_FAMILY = "1,2";
				VALIDATE_PRODUCT = YES;
			};
			name = Release;
		};
		E95901251D69E75200A72980 /* Debug */ = {
			isa = XCBuildConfiguration;
			buildSettings = {
				ASSETCATALOG_COMPILER_APPICON_NAME = AppIcon;
				INFOPLIST_FILE = "二维码/Info.plist";
				LD_RUNPATH_SEARCH_PATHS = "$(inherited) @executable_path/Frameworks";
				PRODUCT_BUNDLE_IDENTIFIER = "xiaotian.www.---";
				PRODUCT_NAME = "$(TARGET_NAME)";
			};
			name = Debug;
		};
		E95901261D69E75200A72980 /* Release */ = {
			isa = XCBuildConfiguration;
			buildSettings = {
				ASSETCATALOG_COMPILER_APPICON_NAME = AppIcon;
				INFOPLIST_FILE = "二维码/Info.plist";
				LD_RUNPATH_SEARCH_PATHS = "$(inherited) @executable_path/Frameworks";
				PRODUCT_BUNDLE_IDENTIFIER = "xiaotian.www.---";
				PRODUCT_NAME = "$(TARGET_NAME)";
			};
			name = Release;
		};
/* End XCBuildConfiguration section */

/* Begin XCConfigurationList section */
		E959010D1D69E75200A72980 /* Build configuration list for PBXProject "二维码" */ = {
			isa = XCConfigurationList;
			buildConfigurations = (
				E95901221D69E75200A72980 /* Debug */,
				E95901231D69E75200A72980 /* Release */,
			);
			defaultConfigurationIsVisible = 0;
			defaultConfigurationName = Release;
		};
		E95901241D69E75200A72980 /* Build configuration list for PBXNativeTarget "二维码" */ = {
			isa = XCConfigurationList;
			buildConfigurations = (
				E95901251D69E75200A72980 /* Debug */,
				E95901261D69E75200A72980 /* Release */,
			);
			defaultConfigurationIsVisible = 0;
		};
/* End XCConfigurationList section */
	};
	rootObject = E959010A1D69E75200A72980 /* Project object */;
}
